
Microsoft Visual Studio Solution File, Format Version 12.00
# Visual Studio 15
VisualStudioVersion = 15.0.28010.2016
MinimumVisualStudioVersion = 10.0.40219.1
Project("{9A19103F-16F7-4668-BE54-9A1E7A4F7556}") = "MenuCard.Core", "MenuCard.Core\MenuCard.Core.csproj", "{10581CE8-044F-4E49-A0E1-692EA0BE7315}"
EndProject
Project("{FAE04EC0-301F-11D3-BF4B-00C04F79EFBC}") = "MenuCard.Droid", "MenuCard.Droid\MenuCard.Droid.csproj", "{FAB089B0-69AF-401E-9447-2CD06513E0C9}"
EndProject
Global
	GlobalSection(SolutionConfigurationPlatforms) = preSolution
		Debug|Any CPU = Debug|Any CPU
		Release|Any CPU = Release|Any CPU
	EndGlobalSection
	GlobalSection(ProjectConfigurationPlatforms) = postSolution
		{10581CE8-044F-4E49-A0E1-692EA0BE7315}.Debug|Any CPU.ActiveCfg = Debug|Any CPU
		{10581CE8-044F-4E49-A0E1-692EA0BE7315}.Debug|Any CPU.Build.0 = Debug|Any CPU
		{10581CE8-044F-4E49-A0E1-692EA0BE7315}.Release|Any CPU.ActiveCfg = Release|Any CPU
		{10581CE8-044F-4E49-A0E1-692EA0BE7315}.Release|Any CPU.Build.0 = Release|Any CPU
		{FAB089B0-69AF-401E-9447-2CD06513E0C9}.Debug|Any CPU.ActiveCfg = Debug|Any CPU
		{FAB089B0-69AF-401E-9447-2CD06513E0C9}.Debug|Any CPU.Build.0 = Debug|Any CPU
		{FAB089B0-69AF-401E-9447-2CD06513E0C9}.Debug|Any CPU.Deploy.0 = Debug|Any CPU
		{FAB089B0-69AF-401E-9447-2CD06513E0C9}.Release|Any CPU.ActiveCfg = Release|Any CPU
		{FAB089B0-69AF-401E-9447-2CD06513E0C9}.Release|Any CPU.Build.0 = Release|Any CPU
		{FAB089B0-69AF-401E-9447-2CD06513E0C9}.Release|Any CPU.Deploy.0 = Release|Any CPU
	EndGlobalSection
	GlobalSection(SolutionProperties) = preSolution
		HideSolutionNode = FALSE
	EndGlobalSection
	GlobalSection(ExtensibilityGlobals) = postSolution
		SolutionGuid = {F6A76749-A700-4911-A151-A3A16AD3C402}
	EndGlobalSection
EndGlobal
